
Microsoft Visual Studio Solution File, Format Version 12.00
# Visual Studio 15
VisualStudioVersion = 15.0.27703.2026
MinimumVisualStudioVersion = 10.0.40219.1
Project("{FAE04EC0-301F-11D3-BF4B-00C04F79EFBC}") = "Project1", "Project1\Project1.csproj", "{3D95C0BB-1402-4E8F-9784-A55C449DA7B2}"
EndProject
Global
	GlobalSection(SolutionConfigurationPlatforms) = preSolution
		Debug|Any CPU = Debug|Any CPU
		Release|Any CPU = Release|Any CPU
	EndGlobalSection
	GlobalSection(ProjectConfigurationPlatforms) = postSolution
		{3D95C0BB-1402-4E8F-9784-A55C449DA7B2}.Debug|Any CPU.ActiveCfg = Debug|Any CPU
		{3D95C0BB-1402-4E8F-9784-A55C449DA7B2}.Debug|Any CPU.Build.0 = Debug|Any CPU
		{3D95C0BB-1402-4E8F-9784-A55C449DA7B2}.Release|Any CPU.ActiveCfg = Release|Any CPU
		{3D95C0BB-1402-4E8F-9784-A55C449DA7B2}.Release|Any CPU.Build.0 = Release|Any CPU
	EndGlobalSection
	GlobalSection(SolutionProperties) = preSolution
		HideSolutionNode = FALSE
	EndGlobalSection
	GlobalSection(ExtensibilityGlobals) = postSolution
		SolutionGuid = {17DC4D33-4280-468D-A42A-12D40FDA3F34}
	EndGlobalSection
EndGlobal
