
Microsoft Visual Studio Solution File, Format Version 12.00
# Visual Studio 15
VisualStudioVersion = 15.0.28307.168
MinimumVisualStudioVersion = 10.0.40219.1
Project("{FAE04EC0-301F-11D3-BF4B-00C04F79EFBC}") = "Test", "Test\Test.csproj", "{1844DFCA-013B-479E-A9B0-842627DEA5F9}"
EndProject
Global
	GlobalSection(SolutionConfigurationPlatforms) = preSolution
		Debug|Any CPU = Debug|Any CPU
		Release|Any CPU = Release|Any CPU
	EndGlobalSection
	GlobalSection(ProjectConfigurationPlatforms) = postSolution
		{1844DFCA-013B-479E-A9B0-842627DEA5F9}.Debug|Any CPU.ActiveCfg = Debug|Any CPU
		{1844DFCA-013B-479E-A9B0-842627DEA5F9}.Debug|Any CPU.Build.0 = Debug|Any CPU
		{1844DFCA-013B-479E-A9B0-842627DEA5F9}.Release|Any CPU.ActiveCfg = Release|Any CPU
		{1844DFCA-013B-479E-A9B0-842627DEA5F9}.Release|Any CPU.Build.0 = Release|Any CPU
	EndGlobalSection
	GlobalSection(SolutionProperties) = preSolution
		HideSolutionNode = FALSE
	EndGlobalSection
	GlobalSection(ExtensibilityGlobals) = postSolution
		SolutionGuid = {FDE8CCD7-4851-4C20-9F26-600C2A2D9AD5}
	EndGlobalSection
EndGlobal
