
Microsoft Visual Studio Solution File, Format Version 12.00
# Visual Studio 15
VisualStudioVersion = 15.0.27703.2026
MinimumVisualStudioVersion = 10.0.40219.1
Project("{FAE04EC0-301F-11D3-BF4B-00C04F79EFBC}") = "Project3", "Project3\Project3.csproj", "{F4BC61C8-D5E3-4074-9397-C0015FA1570D}"
EndProject
Global
	GlobalSection(SolutionConfigurationPlatforms) = preSolution
		Debug|Any CPU = Debug|Any CPU
		Release|Any CPU = Release|Any CPU
	EndGlobalSection
	GlobalSection(ProjectConfigurationPlatforms) = postSolution
		{F4BC61C8-D5E3-4074-9397-C0015FA1570D}.Debug|Any CPU.ActiveCfg = Debug|Any CPU
		{F4BC61C8-D5E3-4074-9397-C0015FA1570D}.Debug|Any CPU.Build.0 = Debug|Any CPU
		{F4BC61C8-D5E3-4074-9397-C0015FA1570D}.Release|Any CPU.ActiveCfg = Release|Any CPU
		{F4BC61C8-D5E3-4074-9397-C0015FA1570D}.Release|Any CPU.Build.0 = Release|Any CPU
	EndGlobalSection
	GlobalSection(SolutionProperties) = preSolution
		HideSolutionNode = FALSE
	EndGlobalSection
	GlobalSection(ExtensibilityGlobals) = postSolution
		SolutionGuid = {BA8C564E-C68B-42E3-9050-83D1B4529D76}
	EndGlobalSection
EndGlobal
