
Microsoft Visual Studio Solution File, Format Version 12.00
# Visual Studio 15
VisualStudioVersion = 15.0.27703.2026
MinimumVisualStudioVersion = 10.0.40219.1
Project("{FAE04EC0-301F-11D3-BF4B-00C04F79EFBC}") = "Project4.1", "Project4.1\Project4.1.csproj", "{72C3E2D9-7380-466F-9FE5-487ECB7E5CBA}"
EndProject
Global
	GlobalSection(SolutionConfigurationPlatforms) = preSolution
		Debug|Any CPU = Debug|Any CPU
		Release|Any CPU = Release|Any CPU
	EndGlobalSection
	GlobalSection(ProjectConfigurationPlatforms) = postSolution
		{72C3E2D9-7380-466F-9FE5-487ECB7E5CBA}.Debug|Any CPU.ActiveCfg = Debug|Any CPU
		{72C3E2D9-7380-466F-9FE5-487ECB7E5CBA}.Debug|Any CPU.Build.0 = Debug|Any CPU
		{72C3E2D9-7380-466F-9FE5-487ECB7E5CBA}.Release|Any CPU.ActiveCfg = Release|Any CPU
		{72C3E2D9-7380-466F-9FE5-487ECB7E5CBA}.Release|Any CPU.Build.0 = Release|Any CPU
	EndGlobalSection
	GlobalSection(SolutionProperties) = preSolution
		HideSolutionNode = FALSE
	EndGlobalSection
	GlobalSection(ExtensibilityGlobals) = postSolution
		SolutionGuid = {26B7CC92-5DC4-4391-A91E-26B37ADAAD25}
	EndGlobalSection
EndGlobal
